
Microsoft Visual Studio Solution File, Format Version 12.00
# Visual Studio Version 17
VisualStudioVersion = 17.1.32228.430
MinimumVisualStudioVersion = 10.0.40219.1
Project("{FAE04EC0-301F-11D3-BF4B-00C04F79EFBC}") = "SAE2.1_Dev_Dune_APP", "SAE2.1_Dev_Dune_APP\SAE2.1_Dev_Dune_APP.csproj", "{219EF094-88F2-4A7A-B6BD-2201CD1B2272}"
	ProjectSection(ProjectDependencies) = postProject
		{B66CD518-89B4-46A9-A306-6DD14F8139B8} = {B66CD518-89B4-46A9-A306-6DD14F8139B8}
	EndProjectSection
EndProject
Project("{FAE04EC0-301F-11D3-BF4B-00C04F79EFBC}") = "CLassLibrairieBDD", "..\CLassLibrairieBDD\CLassLibrairieBDD\CLassLibrairieBDD.csproj", "{B66CD518-89B4-46A9-A306-6DD14F8139B8}"
EndProject
Global
	GlobalSection(SolutionConfigurationPlatforms) = preSolution
		Debug|Any CPU = Debug|Any CPU
		Release|Any CPU = Release|Any CPU
	EndGlobalSection
	GlobalSection(ProjectConfigurationPlatforms) = postSolution
		{219EF094-88F2-4A7A-B6BD-2201CD1B2272}.Debug|Any CPU.ActiveCfg = Debug|Any CPU
		{219EF094-88F2-4A7A-B6BD-2201CD1B2272}.Debug|Any CPU.Build.0 = Debug|Any CPU
		{219EF094-88F2-4A7A-B6BD-2201CD1B2272}.Release|Any CPU.ActiveCfg = Release|Any CPU
		{219EF094-88F2-4A7A-B6BD-2201CD1B2272}.Release|Any CPU.Build.0 = Release|Any CPU
		{B66CD518-89B4-46A9-A306-6DD14F8139B8}.Debug|Any CPU.ActiveCfg = Debug|Any CPU
		{B66CD518-89B4-46A9-A306-6DD14F8139B8}.Debug|Any CPU.Build.0 = Debug|Any CPU
		{B66CD518-89B4-46A9-A306-6DD14F8139B8}.Release|Any CPU.ActiveCfg = Release|Any CPU
		{B66CD518-89B4-46A9-A306-6DD14F8139B8}.Release|Any CPU.Build.0 = Release|Any CPU
	EndGlobalSection
	GlobalSection(SolutionProperties) = preSolution
		HideSolutionNode = FALSE
	EndGlobalSection
	GlobalSection(ExtensibilityGlobals) = postSolution
		SolutionGuid = {2DAE711E-C98E-4484-A442-E50820E1060B}
	EndGlobalSection
EndGlobal
